// !$*UTF8*$!
{
	archiveVersion = 1;
	classes = {
	};
	objectVersion = 51;
	objects = {

/* Begin PBXBuildFile section */
		4612B5C8211AB41100E7FF73 /* AppDelegate.swift in Sources */ = {isa = PBXBuildFile; fileRef = 4612B5C7211AB41100E7FF73 /* AppDelegate.swift */; };
		4612B5CD211AB41200E7FF73 /* Main.storyboard in Resources */ = {isa = PBXBuildFile; fileRef = 4612B5CB211AB41200E7FF73 /* Main.storyboard */; };
		4612B5CF211AB41300E7FF73 /* Assets.xcassets in Resources */ = {isa = PBXBuildFile; fileRef = 4612B5CE211AB41300E7FF73 /* Assets.xcassets */; };
		4612B5D2211AB41300E7FF73 /* LaunchScreen.storyboard in Resources */ = {isa = PBXBuildFile; fileRef = 4612B5D0211AB41300E7FF73 /* LaunchScreen.storyboard */; };
		4612B5DA211AB66600E7FF73 /* MessageThread.swift in Sources */ = {isa = PBXBuildFile; fileRef = 4612B5D9211AB66600E7FF73 /* MessageThread.swift */; };
		4612B5DC211AB6C500E7FF73 /* MessageThreadController.swift in Sources */ = {isa = PBXBuildFile; fileRef = 4612B5DB211AB6C500E7FF73 /* MessageThreadController.swift */; };
		4629C7DC214B924900E7FF73 /* MockMessages.json in Resources */ = {isa = PBXBuildFile; fileRef = 4629C7DB214B924900E7FF73 /* MockMessages.json */; };
		4629C7DE214B925E00E7FF73 /* IsUITesting.swift in Sources */ = {isa = PBXBuildFile; fileRef = 4629C7DD214B925E00E7FF73 /* IsUITesting.swift */; };
		4629C7E0214B961800E7FF73 /* MessageThreadController+UITesting.swift in Sources */ = {isa = PBXBuildFile; fileRef = 4629C7DF214B961800E7FF73 /* MessageThreadController+UITesting.swift */; };
		4629C7E9214BA09600E7FF73 /* Message_BoardUITests.swift in Sources */ = {isa = PBXBuildFile; fileRef = 4629C7E8214BA09600E7FF73 /* Message_BoardUITests.swift */; };
		4643602A211AB90900E7FF73 /* HTTPMethod.swift in Sources */ = {isa = PBXBuildFile; fileRef = 46436029211AB90900E7FF73 /* HTTPMethod.swift */; };
		46436030211ABC3700E7FF73 /* MessageThreadsTableViewController.swift in Sources */ = {isa = PBXBuildFile; fileRef = 4643602F211ABC3700E7FF73 /* MessageThreadsTableViewController.swift */; };
		46436033211ABC5800E7FF73 /* MessageThreadDetailTableViewController.swift in Sources */ = {isa = PBXBuildFile; fileRef = 46436032211ABC5800E7FF73 /* MessageThreadDetailTableViewController.swift */; };
		46436035211ABC6B00E7FF73 /* MessageDetailViewController.swift in Sources */ = {isa = PBXBuildFile; fileRef = 46436034211ABC6B00E7FF73 /* MessageDetailViewController.swift */; };
		6B0F7D6D86B35E1728471BDC /* Pods_Message_Board.framework in Frameworks */ = {isa = PBXBuildFile; fileRef = 110258EA03B75B24A9751D87 /* Pods_Message_Board.framework */; };
		9D9B6B07214B7A7B006381F7 /* MessageThreadTests.swift in Sources */ = {isa = PBXBuildFile; fileRef = 9D9B6B06214B7A7B006381F7 /* MessageThreadTests.swift */; };
		CA5CB80EDAA5A211EBE3B82C /* libPods-MessageBoardTests.a in Frameworks */ = {isa = PBXBuildFile; fileRef = 890F5B759B3254FC055C2000 /* libPods-MessageBoardTests.a */; };
		E3FFE6EE244A098B00198D0F /* GoogleService-Info.plist in Resources */ = {isa = PBXBuildFile; fileRef = E3FFE6ED244A098B00198D0F /* GoogleService-Info.plist */; };
		E94B524118875B34FF5FA982 /* libPods-Message BoardUITests.a in Frameworks */ = {isa = PBXBuildFile; fileRef = 0856E922A0E41B7BB8711B09 /* libPods-Message BoardUITests.a */; };
/* End PBXBuildFile section */

/* Begin PBXContainerItemProxy section */
		4629C7EB214BA09600E7FF73 /* PBXContainerItemProxy */ = {
			isa = PBXContainerItemProxy;
			containerPortal = 4612B5BC211AB41100E7FF73 /* Project object */;
			proxyType = 1;
			remoteGlobalIDString = 4612B5C3211AB41100E7FF73;
			remoteInfo = "Message Board";
		};
		9D9B6B01214B7A66006381F7 /* PBXContainerItemProxy */ = {
			isa = PBXContainerItemProxy;
			containerPortal = 4612B5BC211AB41100E7FF73 /* Project object */;
			proxyType = 1;
			remoteGlobalIDString = 4612B5C3211AB41100E7FF73;
			remoteInfo = "Message Board";
		};
/* End PBXContainerItemProxy section */

/* Begin PBXFileReference section */
		0856E922A0E41B7BB8711B09 /* libPods-Message BoardUITests.a */ = {isa = PBXFileReference; explicitFileType = archive.ar; includeInIndex = 0; path = "libPods-Message BoardUITests.a"; sourceTree = BUILT_PRODUCTS_DIR; };
		110258EA03B75B24A9751D87 /* Pods_Message_Board.framework */ = {isa = PBXFileReference; explicitFileType = wrapper.framework; includeInIndex = 0; path = Pods_Message_Board.framework; sourceTree = BUILT_PRODUCTS_DIR; };
		31B543F58162117DE5FD385D /* Pods-Message Board.release.xcconfig */ = {isa = PBXFileReference; includeInIndex = 1; lastKnownFileType = text.xcconfig; name = "Pods-Message Board.release.xcconfig"; path = "Target Support Files/Pods-Message Board/Pods-Message Board.release.xcconfig"; sourceTree = "<group>"; };
		4612B5C4211AB41100E7FF73 /* Message Board.app */ = {isa = PBXFileReference; explicitFileType = wrapper.application; includeInIndex = 0; path = "Message Board.app"; sourceTree = BUILT_PRODUCTS_DIR; };
		4612B5C7211AB41100E7FF73 /* AppDelegate.swift */ = {isa = PBXFileReference; lastKnownFileType = sourcecode.swift; path = AppDelegate.swift; sourceTree = "<group>"; };
		4612B5CC211AB41200E7FF73 /* Base */ = {isa = PBXFileReference; lastKnownFileType = file.storyboard; name = Base; path = Base.lproj/Main.storyboard; sourceTree = "<group>"; };
		4612B5CE211AB41300E7FF73 /* Assets.xcassets */ = {isa = PBXFileReference; lastKnownFileType = folder.assetcatalog; path = Assets.xcassets; sourceTree = "<group>"; };
		4612B5D1211AB41300E7FF73 /* Base */ = {isa = PBXFileReference; lastKnownFileType = file.storyboard; name = Base; path = Base.lproj/LaunchScreen.storyboard; sourceTree = "<group>"; };
		4612B5D3211AB41300E7FF73 /* Info.plist */ = {isa = PBXFileReference; lastKnownFileType = text.plist.xml; path = Info.plist; sourceTree = "<group>"; };
		4612B5D9211AB66600E7FF73 /* MessageThread.swift */ = {isa = PBXFileReference; lastKnownFileType = sourcecode.swift; path = MessageThread.swift; sourceTree = "<group>"; };
		4612B5DB211AB6C500E7FF73 /* MessageThreadController.swift */ = {isa = PBXFileReference; lastKnownFileType = sourcecode.swift; path = MessageThreadController.swift; sourceTree = "<group>"; };
		4629C7DB214B924900E7FF73 /* MockMessages.json */ = {isa = PBXFileReference; fileEncoding = 4; lastKnownFileType = text.json; path = MockMessages.json; sourceTree = "<group>"; };
		4629C7DD214B925E00E7FF73 /* IsUITesting.swift */ = {isa = PBXFileReference; lastKnownFileType = sourcecode.swift; path = IsUITesting.swift; sourceTree = "<group>"; };
		4629C7DF214B961800E7FF73 /* MessageThreadController+UITesting.swift */ = {isa = PBXFileReference; lastKnownFileType = sourcecode.swift; path = "MessageThreadController+UITesting.swift"; sourceTree = "<group>"; };
		4629C7E6214BA09600E7FF73 /* Message BoardUITests.xctest */ = {isa = PBXFileReference; explicitFileType = wrapper.cfbundle; includeInIndex = 0; path = "Message BoardUITests.xctest"; sourceTree = BUILT_PRODUCTS_DIR; };
		4629C7E8214BA09600E7FF73 /* Message_BoardUITests.swift */ = {isa = PBXFileReference; lastKnownFileType = sourcecode.swift; path = Message_BoardUITests.swift; sourceTree = "<group>"; };
		4629C7EA214BA09600E7FF73 /* Info.plist */ = {isa = PBXFileReference; lastKnownFileType = text.plist.xml; path = Info.plist; sourceTree = "<group>"; };
		46436029211AB90900E7FF73 /* HTTPMethod.swift */ = {isa = PBXFileReference; lastKnownFileType = sourcecode.swift; path = HTTPMethod.swift; sourceTree = "<group>"; };
		4643602F211ABC3700E7FF73 /* MessageThreadsTableViewController.swift */ = {isa = PBXFileReference; lastKnownFileType = sourcecode.swift; path = MessageThreadsTableViewController.swift; sourceTree = "<group>"; };
		46436032211ABC5800E7FF73 /* MessageThreadDetailTableViewController.swift */ = {isa = PBXFileReference; lastKnownFileType = sourcecode.swift; path = MessageThreadDetailTableViewController.swift; sourceTree = "<group>"; };
		46436034211ABC6B00E7FF73 /* MessageDetailViewController.swift */ = {isa = PBXFileReference; lastKnownFileType = sourcecode.swift; path = MessageDetailViewController.swift; sourceTree = "<group>"; };
		4BAF2E493504F503B4AAA4D8 /* Pods-Message Board.debug.xcconfig */ = {isa = PBXFileReference; includeInIndex = 1; lastKnownFileType = text.xcconfig; name = "Pods-Message Board.debug.xcconfig"; path = "Target Support Files/Pods-Message Board/Pods-Message Board.debug.xcconfig"; sourceTree = "<group>"; };
		704DE794C1ECCC9D1B81AFC3 /* Pods-MessageBoardTests.debug.xcconfig */ = {isa = PBXFileReference; includeInIndex = 1; lastKnownFileType = text.xcconfig; name = "Pods-MessageBoardTests.debug.xcconfig"; path = "Target Support Files/Pods-MessageBoardTests/Pods-MessageBoardTests.debug.xcconfig"; sourceTree = "<group>"; };
		890F5B759B3254FC055C2000 /* libPods-MessageBoardTests.a */ = {isa = PBXFileReference; explicitFileType = archive.ar; includeInIndex = 0; path = "libPods-MessageBoardTests.a"; sourceTree = BUILT_PRODUCTS_DIR; };
		91407E37124F613DA79E2637 /* Pods-Message BoardUITests.release.xcconfig */ = {isa = PBXFileReference; includeInIndex = 1; lastKnownFileType = text.xcconfig; name = "Pods-Message BoardUITests.release.xcconfig"; path = "Target Support Files/Pods-Message BoardUITests/Pods-Message BoardUITests.release.xcconfig"; sourceTree = "<group>"; };
		9D9B6AFC214B7A66006381F7 /* MessageBoardTests.xctest */ = {isa = PBXFileReference; explicitFileType = wrapper.cfbundle; includeInIndex = 0; path = MessageBoardTests.xctest; sourceTree = BUILT_PRODUCTS_DIR; };
		9D9B6B00214B7A66006381F7 /* Info.plist */ = {isa = PBXFileReference; lastKnownFileType = text.plist.xml; path = Info.plist; sourceTree = "<group>"; };
		9D9B6B06214B7A7B006381F7 /* MessageThreadTests.swift */ = {isa = PBXFileReference; lastKnownFileType = sourcecode.swift; path = MessageThreadTests.swift; sourceTree = "<group>"; };
		BB456B02D7B54B432A339864 /* Pods-Message Board-Message BoardUITests.debug.xcconfig */ = {isa = PBXFileReference; includeInIndex = 1; lastKnownFileType = text.xcconfig; name = "Pods-Message Board-Message BoardUITests.debug.xcconfig"; path = "Target Support Files/Pods-Message Board-Message BoardUITests/Pods-Message Board-Message BoardUITests.debug.xcconfig"; sourceTree = "<group>"; };
		DAAF4ED40544999F6AF85DC3 /* Pods-Message Board-Message BoardUITests.release.xcconfig */ = {isa = PBXFileReference; includeInIndex = 1; lastKnownFileType = text.xcconfig; name = "Pods-Message Board-Message BoardUITests.release.xcconfig"; path = "Target Support Files/Pods-Message Board-Message BoardUITests/Pods-Message Board-Message BoardUITests.release.xcconfig"; sourceTree = "<group>"; };
		E3FFE6ED244A098B00198D0F /* GoogleService-Info.plist */ = {isa = PBXFileReference; fileEncoding = 4; lastKnownFileType = text.plist.xml; name = "GoogleService-Info.plist"; path = "../../../Downloads/GoogleService-Info.plist"; sourceTree = "<group>"; };
		E3FFE6EF244A0B9400198D0F /* Bugs.md */ = {isa = PBXFileReference; lastKnownFileType = net.daringfireball.markdown; path = Bugs.md; sourceTree = "<group>"; };
		F36B60FDD21E19514C19C96E /* Pods-MessageBoardTests.release.xcconfig */ = {isa = PBXFileReference; includeInIndex = 1; lastKnownFileType = text.xcconfig; name = "Pods-MessageBoardTests.release.xcconfig"; path = "Target Support Files/Pods-MessageBoardTests/Pods-MessageBoardTests.release.xcconfig"; sourceTree = "<group>"; };
		F910B4FC8A3AE1E701A98DA7 /* Pods-Message BoardUITests.debug.xcconfig */ = {isa = PBXFileReference; includeInIndex = 1; lastKnownFileType = text.xcconfig; name = "Pods-Message BoardUITests.debug.xcconfig"; path = "Target Support Files/Pods-Message BoardUITests/Pods-Message BoardUITests.debug.xcconfig"; sourceTree = "<group>"; };
/* End PBXFileReference section */

/* Begin PBXFrameworksBuildPhase section */
		4612B5C1211AB41100E7FF73 /* Frameworks */ = {
			isa = PBXFrameworksBuildPhase;
			buildActionMask = 2147483647;
			files = (
				6B0F7D6D86B35E1728471BDC /* Pods_Message_Board.framework in Frameworks */,
			);
			runOnlyForDeploymentPostprocessing = 0;
		};
		4629C7E3214BA09600E7FF73 /* Frameworks */ = {
			isa = PBXFrameworksBuildPhase;
			buildActionMask = 2147483647;
			files = (
				E94B524118875B34FF5FA982 /* libPods-Message BoardUITests.a in Frameworks */,
			);
			runOnlyForDeploymentPostprocessing = 0;
		};
		9D9B6AF9214B7A66006381F7 /* Frameworks */ = {
			isa = PBXFrameworksBuildPhase;
			buildActionMask = 2147483647;
			files = (
				CA5CB80EDAA5A211EBE3B82C /* libPods-MessageBoardTests.a in Frameworks */,
			);
			runOnlyForDeploymentPostprocessing = 0;
		};
/* End PBXFrameworksBuildPhase section */

/* Begin PBXGroup section */
		038CF849F54F891227C2404E /* Frameworks */ = {
			isa = PBXGroup;
			children = (
				110258EA03B75B24A9751D87 /* Pods_Message_Board.framework */,
				0856E922A0E41B7BB8711B09 /* libPods-Message BoardUITests.a */,
				890F5B759B3254FC055C2000 /* libPods-MessageBoardTests.a */,
			);
			name = Frameworks;
			sourceTree = "<group>";
		};
		4612B5BB211AB41100E7FF73 = {
			isa = PBXGroup;
			children = (
				E3FFE6ED244A098B00198D0F /* GoogleService-Info.plist */,
				4612B5C6211AB41100E7FF73 /* Message Board */,
				9D9B6AFD214B7A66006381F7 /* MessageBoardTests */,
				4629C7E7214BA09600E7FF73 /* Message BoardUITests */,
				4612B5C5211AB41100E7FF73 /* Products */,
				8FBA5D97683643F46E327FBB /* Pods */,
				038CF849F54F891227C2404E /* Frameworks */,
			);
			sourceTree = "<group>";
		};
		4612B5C5211AB41100E7FF73 /* Products */ = {
			isa = PBXGroup;
			children = (
				4612B5C4211AB41100E7FF73 /* Message Board.app */,
				9D9B6AFC214B7A66006381F7 /* MessageBoardTests.xctest */,
				4629C7E6214BA09600E7FF73 /* Message BoardUITests.xctest */,
			);
			name = Products;
			sourceTree = "<group>";
		};
		4612B5C6211AB41100E7FF73 /* Message Board */ = {
			isa = PBXGroup;
			children = (
				4643602B211ABBF800E7FF73 /* Model */,
				4643602C211ABBFE00E7FF73 /* Model Controller */,
				46436031211ABC3900E7FF73 /* View Controllers */,
				4643602E211ABC1100E7FF73 /* Storyboards */,
				4643602D211ABC0900E7FF73 /* Resources */,
				E3FFE6EF244A0B9400198D0F /* Bugs.md */,
			);
			path = "Message Board";
			sourceTree = "<group>";
		};
		4629C7E1214B9D8C00E7FF73 /* UI Testing */ = {
			isa = PBXGroup;
			children = (
				4629C7DB214B924900E7FF73 /* MockMessages.json */,
				4629C7DF214B961800E7FF73 /* MessageThreadController+UITesting.swift */,
				4629C7DD214B925E00E7FF73 /* IsUITesting.swift */,
			);
			path = "UI Testing";
			sourceTree = "<group>";
		};
		4629C7E7214BA09600E7FF73 /* Message BoardUITests */ = {
			isa = PBXGroup;
			children = (
				4629C7E8214BA09600E7FF73 /* Message_BoardUITests.swift */,
				4629C7EA214BA09600E7FF73 /* Info.plist */,
			);
			path = "Message BoardUITests";
			sourceTree = "<group>";
		};
		4643602B211ABBF800E7FF73 /* Model */ = {
			isa = PBXGroup;
			children = (
				4612B5D9211AB66600E7FF73 /* MessageThread.swift */,
			);
			path = Model;
			sourceTree = "<group>";
		};
		4643602C211ABBFE00E7FF73 /* Model Controller */ = {
			isa = PBXGroup;
			children = (
				4612B5DB211AB6C500E7FF73 /* MessageThreadController.swift */,
			);
			path = "Model Controller";
			sourceTree = "<group>";
		};
		4643602D211ABC0900E7FF73 /* Resources */ = {
			isa = PBXGroup;
			children = (
				4629C7E1214B9D8C00E7FF73 /* UI Testing */,
				46436029211AB90900E7FF73 /* HTTPMethod.swift */,
				4612B5C7211AB41100E7FF73 /* AppDelegate.swift */,
				4612B5CE211AB41300E7FF73 /* Assets.xcassets */,
				4612B5D3211AB41300E7FF73 /* Info.plist */,
			);
			path = Resources;
			sourceTree = "<group>";
		};
		4643602E211ABC1100E7FF73 /* Storyboards */ = {
			isa = PBXGroup;
			children = (
				4612B5CB211AB41200E7FF73 /* Main.storyboard */,
				4612B5D0211AB41300E7FF73 /* LaunchScreen.storyboard */,
			);
			path = Storyboards;
			sourceTree = "<group>";
		};
		46436031211ABC3900E7FF73 /* View Controllers */ = {
			isa = PBXGroup;
			children = (
				4643602F211ABC3700E7FF73 /* MessageThreadsTableViewController.swift */,
				46436032211ABC5800E7FF73 /* MessageThreadDetailTableViewController.swift */,
				46436034211ABC6B00E7FF73 /* MessageDetailViewController.swift */,
			);
			path = "View Controllers";
			sourceTree = "<group>";
		};
		8FBA5D97683643F46E327FBB /* Pods */ = {
			isa = PBXGroup;
			children = (
				4BAF2E493504F503B4AAA4D8 /* Pods-Message Board.debug.xcconfig */,
				31B543F58162117DE5FD385D /* Pods-Message Board.release.xcconfig */,
				BB456B02D7B54B432A339864 /* Pods-Message Board-Message BoardUITests.debug.xcconfig */,
				DAAF4ED40544999F6AF85DC3 /* Pods-Message Board-Message BoardUITests.release.xcconfig */,
				F910B4FC8A3AE1E701A98DA7 /* Pods-Message BoardUITests.debug.xcconfig */,
				91407E37124F613DA79E2637 /* Pods-Message BoardUITests.release.xcconfig */,
				704DE794C1ECCC9D1B81AFC3 /* Pods-MessageBoardTests.debug.xcconfig */,
				F36B60FDD21E19514C19C96E /* Pods-MessageBoardTests.release.xcconfig */,
			);
			path = Pods;
			sourceTree = "<group>";
		};
		9D9B6AFD214B7A66006381F7 /* MessageBoardTests */ = {
			isa = PBXGroup;
			children = (
				9D9B6B06214B7A7B006381F7 /* MessageThreadTests.swift */,
				9D9B6B00214B7A66006381F7 /* Info.plist */,
			);
			path = MessageBoardTests;
			sourceTree = "<group>";
		};
/* End PBXGroup section */

/* Begin PBXNativeTarget section */
		4612B5C3211AB41100E7FF73 /* Message Board */ = {
			isa = PBXNativeTarget;
			buildConfigurationList = 4612B5D6211AB41300E7FF73 /* Build configuration list for PBXNativeTarget "Message Board" */;
			buildPhases = (
				145CEF6FFCEC6B51FBF8385C /* [CP] Check Pods Manifest.lock */,
				4612B5C0211AB41100E7FF73 /* Sources */,
				4612B5C1211AB41100E7FF73 /* Frameworks */,
				4612B5C2211AB41100E7FF73 /* Resources */,
				7F87D63CDB5BC7B587A0E820 /* [CP] Embed Pods Frameworks */,
			);
			buildRules = (
			);
			dependencies = (
			);
			name = "Message Board";
			productName = "Message Board";
			productReference = 4612B5C4211AB41100E7FF73 /* Message Board.app */;
			productType = "com.apple.product-type.application";
		};
		4629C7E5214BA09600E7FF73 /* Message BoardUITests */ = {
			isa = PBXNativeTarget;
			buildConfigurationList = 4629C7ED214BA09600E7FF73 /* Build configuration list for PBXNativeTarget "Message BoardUITests" */;
			buildPhases = (
				B2C4133086DB055A73E70FD8 /* [CP] Check Pods Manifest.lock */,
				4629C7E2214BA09600E7FF73 /* Sources */,
				4629C7E3214BA09600E7FF73 /* Frameworks */,
				4629C7E4214BA09600E7FF73 /* Resources */,
			);
			buildRules = (
			);
			dependencies = (
				4629C7EC214BA09600E7FF73 /* PBXTargetDependency */,
			);
			name = "Message BoardUITests";
			productName = "Message BoardUITests";
			productReference = 4629C7E6214BA09600E7FF73 /* Message BoardUITests.xctest */;
			productType = "com.apple.product-type.bundle.ui-testing";
		};
		9D9B6AFB214B7A66006381F7 /* MessageBoardTests */ = {
			isa = PBXNativeTarget;
			buildConfigurationList = 9D9B6B05214B7A66006381F7 /* Build configuration list for PBXNativeTarget "MessageBoardTests" */;
			buildPhases = (
				E2AF521D0F3A6384C522733C /* [CP] Check Pods Manifest.lock */,
				9D9B6AF8214B7A66006381F7 /* Sources */,
				9D9B6AF9214B7A66006381F7 /* Frameworks */,
				9D9B6AFA214B7A66006381F7 /* Resources */,
			);
			buildRules = (
			);
			dependencies = (
				9D9B6B02214B7A66006381F7 /* PBXTargetDependency */,
			);
			name = MessageBoardTests;
			productName = MessageBoardTests;
			productReference = 9D9B6AFC214B7A66006381F7 /* MessageBoardTests.xctest */;
			productType = "com.apple.product-type.bundle.unit-test";
		};
/* End PBXNativeTarget section */

/* Begin PBXProject section */
		4612B5BC211AB41100E7FF73 /* Project object */ = {
			isa = PBXProject;
			attributes = {
				LastSwiftUpdateCheck = 0940;
				LastUpgradeCheck = 0940;
				ORGANIZATIONNAME = "Lambda School";
				TargetAttributes = {
					4612B5C3211AB41100E7FF73 = {
						CreatedOnToolsVersion = 9.4.1;
					};
					4629C7E5214BA09600E7FF73 = {
						CreatedOnToolsVersion = 9.4.1;
						TestTargetID = 4612B5C3211AB41100E7FF73;
					};
					9D9B6AFB214B7A66006381F7 = {
						CreatedOnToolsVersion = 9.4.1;
						TestTargetID = 4612B5C3211AB41100E7FF73;
					};
				};
			};
			buildConfigurationList = 4612B5BF211AB41100E7FF73 /* Build configuration list for PBXProject "Message Board" */;
			compatibilityVersion = "Xcode 9.3";
			developmentRegion = en;
			hasScannedForEncodings = 0;
			knownRegions = (
				en,
				Base,
			);
			mainGroup = 4612B5BB211AB41100E7FF73;
			productRefGroup = 4612B5C5211AB41100E7FF73 /* Products */;
			projectDirPath = "";
			projectRoot = "";
			targets = (
				4612B5C3211AB41100E7FF73 /* Message Board */,
				9D9B6AFB214B7A66006381F7 /* MessageBoardTests */,
				4629C7E5214BA09600E7FF73 /* Message BoardUITests */,
			);
		};
/* End PBXProject section */

/* Begin PBXResourcesBuildPhase section */
		4612B5C2211AB41100E7FF73 /* Resources */ = {
			isa = PBXResourcesBuildPhase;
			buildActionMask = 2147483647;
			files = (
				4612B5D2211AB41300E7FF73 /* LaunchScreen.storyboard in Resources */,
				4612B5CF211AB41300E7FF73 /* Assets.xcassets in Resources */,
				E3FFE6EE244A098B00198D0F /* GoogleService-Info.plist in Resources */,
				4629C7DC214B924900E7FF73 /* MockMessages.json in Resources */,
				4612B5CD211AB41200E7FF73 /* Main.storyboard in Resources */,
			);
			runOnlyForDeploymentPostprocessing = 0;
		};
		4629C7E4214BA09600E7FF73 /* Resources */ = {
			isa = PBXResourcesBuildPhase;
			buildActionMask = 2147483647;
			files = (
			);
			runOnlyForDeploymentPostprocessing = 0;
		};
		9D9B6AFA214B7A66006381F7 /* Resources */ = {
			isa = PBXResourcesBuildPhase;
			buildActionMask = 2147483647;
			files = (
			);
			runOnlyForDeploymentPostprocessing = 0;
		};
/* End PBXResourcesBuildPhase section */

/* Begin PBXShellScriptBuildPhase section */
		145CEF6FFCEC6B51FBF8385C /* [CP] Check Pods Manifest.lock */ = {
			isa = PBXShellScriptBuildPhase;
			buildActionMask = 2147483647;
			files = (
			);
			inputFileListPaths = (
			);
			inputPaths = (
				"${PODS_PODFILE_DIR_PATH}/Podfile.lock",
				"${PODS_ROOT}/Manifest.lock",
			);
			name = "[CP] Check Pods Manifest.lock";
			outputFileListPaths = (
			);
			outputPaths = (
				"$(DERIVED_FILE_DIR)/Pods-Message Board-checkManifestLockResult.txt",
			);
			runOnlyForDeploymentPostprocessing = 0;
			shellPath = /bin/sh;
			shellScript = "diff \"${PODS_PODFILE_DIR_PATH}/Podfile.lock\" \"${PODS_ROOT}/Manifest.lock\" > /dev/null\nif [ $? != 0 ] ; then\n    # print error to STDERR\n    echo \"error: The sandbox is not in sync with the Podfile.lock. Run 'pod install' or update your CocoaPods installation.\" >&2\n    exit 1\nfi\n# This output is used by Xcode 'outputs' to avoid re-running this script phase.\necho \"SUCCESS\" > \"${SCRIPT_OUTPUT_FILE_0}\"\n";
			showEnvVarsInLog = 0;
		};
		7F87D63CDB5BC7B587A0E820 /* [CP] Embed Pods Frameworks */ = {
			isa = PBXShellScriptBuildPhase;
			buildActionMask = 2147483647;
			files = (
			);
			inputFileListPaths = (
				"${PODS_ROOT}/Target Support Files/Pods-Message Board/Pods-Message Board-frameworks-${CONFIGURATION}-input-files.xcfilelist",
			);
			name = "[CP] Embed Pods Frameworks";
			outputFileListPaths = (
				"${PODS_ROOT}/Target Support Files/Pods-Message Board/Pods-Message Board-frameworks-${CONFIGURATION}-output-files.xcfilelist",
			);
			runOnlyForDeploymentPostprocessing = 0;
			shellPath = /bin/sh;
			shellScript = "\"${PODS_ROOT}/Target Support Files/Pods-Message Board/Pods-Message Board-frameworks.sh\"\n";
			showEnvVarsInLog = 0;
		};
		B2C4133086DB055A73E70FD8 /* [CP] Check Pods Manifest.lock */ = {
			isa = PBXShellScriptBuildPhase;
			buildActionMask = 2147483647;
			files = (
			);
			inputFileListPaths = (
			);
			inputPaths = (
				"${PODS_PODFILE_DIR_PATH}/Podfile.lock",
				"${PODS_ROOT}/Manifest.lock",
			);
			name = "[CP] Check Pods Manifest.lock";
			outputFileListPaths = (
			);
			outputPaths = (
				"$(DERIVED_FILE_DIR)/Pods-Message BoardUITests-checkManifestLockResult.txt",
			);
			runOnlyForDeploymentPostprocessing = 0;
			shellPath = /bin/sh;
			shellScript = "diff \"${PODS_PODFILE_DIR_PATH}/Podfile.lock\" \"${PODS_ROOT}/Manifest.lock\" > /dev/null\nif [ $? != 0 ] ; then\n    # print error to STDERR\n    echo \"error: The sandbox is not in sync with the Podfile.lock. Run 'pod install' or update your CocoaPods installation.\" >&2\n    exit 1\nfi\n# This output is used by Xcode 'outputs' to avoid re-running this script phase.\necho \"SUCCESS\" > \"${SCRIPT_OUTPUT_FILE_0}\"\n";
			showEnvVarsInLog = 0;
		};
		E2AF521D0F3A6384C522733C /* [CP] Check Pods Manifest.lock */ = {
			isa = PBXShellScriptBuildPhase;
			buildActionMask = 2147483647;
			files = (
			);
			inputFileListPaths = (
			);
			inputPaths = (
				"${PODS_PODFILE_DIR_PATH}/Podfile.lock",
				"${PODS_ROOT}/Manifest.lock",
			);
			name = "[CP] Check Pods Manifest.lock";
			outputFileListPaths = (
			);
			outputPaths = (
				"$(DERIVED_FILE_DIR)/Pods-MessageBoardTests-checkManifestLockResult.txt",
			);
			runOnlyForDeploymentPostprocessing = 0;
			shellPath = /bin/sh;
			shellScript = "diff \"${PODS_PODFILE_DIR_PATH}/Podfile.lock\" \"${PODS_ROOT}/Manifest.lock\" > /dev/null\nif [ $? != 0 ] ; then\n    # print error to STDERR\n    echo \"error: The sandbox is not in sync with the Podfile.lock. Run 'pod install' or update your CocoaPods installation.\" >&2\n    exit 1\nfi\n# This output is used by Xcode 'outputs' to avoid re-running this script phase.\necho \"SUCCESS\" > \"${SCRIPT_OUTPUT_FILE_0}\"\n";
			showEnvVarsInLog = 0;
		};
/* End PBXShellScriptBuildPhase section */

/* Begin PBXSourcesBuildPhase section */
		4612B5C0211AB41100E7FF73 /* Sources */ = {
			isa = PBXSourcesBuildPhase;
			buildActionMask = 2147483647;
			files = (
				4629C7E0214B961800E7FF73 /* MessageThreadController+UITesting.swift in Sources */,
				4612B5DC211AB6C500E7FF73 /* MessageThreadController.swift in Sources */,
				4612B5DA211AB66600E7FF73 /* MessageThread.swift in Sources */,
				4643602A211AB90900E7FF73 /* HTTPMethod.swift in Sources */,
				46436030211ABC3700E7FF73 /* MessageThreadsTableViewController.swift in Sources */,
				4629C7DE214B925E00E7FF73 /* IsUITesting.swift in Sources */,
				46436035211ABC6B00E7FF73 /* MessageDetailViewController.swift in Sources */,
				46436033211ABC5800E7FF73 /* MessageThreadDetailTableViewController.swift in Sources */,
				4612B5C8211AB41100E7FF73 /* AppDelegate.swift in Sources */,
			);
			runOnlyForDeploymentPostprocessing = 0;
		};
		4629C7E2214BA09600E7FF73 /* Sources */ = {
			isa = PBXSourcesBuildPhase;
			buildActionMask = 2147483647;
			files = (
				4629C7E9214BA09600E7FF73 /* Message_BoardUITests.swift in Sources */,
			);
			runOnlyForDeploymentPostprocessing = 0;
		};
		9D9B6AF8214B7A66006381F7 /* Sources */ = {
			isa = PBXSourcesBuildPhase;
			buildActionMask = 2147483647;
			files = (
				9D9B6B07214B7A7B006381F7 /* MessageThreadTests.swift in Sources */,
			);
			runOnlyForDeploymentPostprocessing = 0;
		};
/* End PBXSourcesBuildPhase section */

/* Begin PBXTargetDependency section */
		4629C7EC214BA09600E7FF73 /* PBXTargetDependency */ = {
			isa = PBXTargetDependency;
			target = 4612B5C3211AB41100E7FF73 /* Message Board */;
			targetProxy = 4629C7EB214BA09600E7FF73 /* PBXContainerItemProxy */;
		};
		9D9B6B02214B7A66006381F7 /* PBXTargetDependency */ = {
			isa = PBXTargetDependency;
			target = 4612B5C3211AB41100E7FF73 /* Message Board */;
			targetProxy = 9D9B6B01214B7A66006381F7 /* PBXContainerItemProxy */;
		};
/* End PBXTargetDependency section */

/* Begin PBXVariantGroup section */
		4612B5CB211AB41200E7FF73 /* Main.storyboard */ = {
			isa = PBXVariantGroup;
			children = (
				4612B5CC211AB41200E7FF73 /* Base */,
			);
			name = Main.storyboard;
			sourceTree = "<group>";
		};
		4612B5D0211AB41300E7FF73 /* LaunchScreen.storyboard */ = {
			isa = PBXVariantGroup;
			children = (
				4612B5D1211AB41300E7FF73 /* Base */,
			);
			name = LaunchScreen.storyboard;
			sourceTree = "<group>";
		};
/* End PBXVariantGroup section */

/* Begin XCBuildConfiguration section */
		4612B5D4211AB41300E7FF73 /* Debug */ = {
			isa = XCBuildConfiguration;
			buildSettings = {
				ALWAYS_SEARCH_USER_PATHS = NO;
				CLANG_ANALYZER_NONNULL = YES;
				CLANG_ANALYZER_NUMBER_OBJECT_CONVERSION = YES_AGGRESSIVE;
				CLANG_CXX_LANGUAGE_STANDARD = "gnu++14";
				CLANG_CXX_LIBRARY = "libc++";
				CLANG_ENABLE_MODULES = YES;
				CLANG_ENABLE_OBJC_ARC = YES;
				CLANG_ENABLE_OBJC_WEAK = YES;
				CLANG_WARN_BLOCK_CAPTURE_AUTORELEASING = YES;
				CLANG_WARN_BOOL_CONVERSION = YES;
				CLANG_WARN_COMMA = YES;
				CLANG_WARN_CONSTANT_CONVERSION = YES;
				CLANG_WARN_DEPRECATED_OBJC_IMPLEMENTATIONS = YES;
				CLANG_WARN_DIRECT_OBJC_ISA_USAGE = YES_ERROR;
				CLANG_WARN_DOCUMENTATION_COMMENTS = YES;
				CLANG_WARN_EMPTY_BODY = YES;
				CLANG_WARN_ENUM_CONVERSION = YES;
				CLANG_WARN_INFINITE_RECURSION = YES;
				CLANG_WARN_INT_CONVERSION = YES;
				CLANG_WARN_NON_LITERAL_NULL_CONVERSION = YES;
				CLANG_WARN_OBJC_IMPLICIT_RETAIN_SELF = YES;
				CLANG_WARN_OBJC_LITERAL_CONVERSION = YES;
				CLANG_WARN_OBJC_ROOT_CLASS = YES_ERROR;
				CLANG_WARN_RANGE_LOOP_ANALYSIS = YES;
				CLANG_WARN_STRICT_PROTOTYPES = YES;
				CLANG_WARN_SUSPICIOUS_MOVE = YES;
				CLANG_WARN_UNGUARDED_AVAILABILITY = YES_AGGRESSIVE;
				CLANG_WARN_UNREACHABLE_CODE = YES;
				CLANG_WARN__DUPLICATE_METHOD_MATCH = YES;
				CODE_SIGN_IDENTITY = "iPhone Developer";
				COPY_PHASE_STRIP = NO;
				DEBUG_INFORMATION_FORMAT = dwarf;
				ENABLE_STRICT_OBJC_MSGSEND = YES;
				ENABLE_TESTABILITY = YES;
				GCC_C_LANGUAGE_STANDARD = gnu11;
				GCC_DYNAMIC_NO_PIC = NO;
				GCC_NO_COMMON_BLOCKS = YES;
				GCC_OPTIMIZATION_LEVEL = 0;
				GCC_PREPROCESSOR_DEFINITIONS = (
					"DEBUG=1",
					"$(inherited)",
				);
				GCC_WARN_64_TO_32_BIT_CONVERSION = YES;
				GCC_WARN_ABOUT_RETURN_TYPE = YES_ERROR;
				GCC_WARN_UNDECLARED_SELECTOR = YES;
				GCC_WARN_UNINITIALIZED_AUTOS = YES_AGGRESSIVE;
				GCC_WARN_UNUSED_FUNCTION = YES;
				GCC_WARN_UNUSED_VARIABLE = YES;
				IPHONEOS_DEPLOYMENT_TARGET = 11.4;
				MTL_ENABLE_DEBUG_INFO = YES;
				ONLY_ACTIVE_ARCH = YES;
				SDKROOT = iphoneos;
				SWIFT_ACTIVE_COMPILATION_CONDITIONS = DEBUG;
				SWIFT_OPTIMIZATION_LEVEL = "-Onone";
			};
			name = Debug;
		};
		4612B5D5211AB41300E7FF73 /* Release */ = {
			isa = XCBuildConfiguration;
			buildSettings = {
				ALWAYS_SEARCH_USER_PATHS = NO;
				CLANG_ANALYZER_NONNULL = YES;
				CLANG_ANALYZER_NUMBER_OBJECT_CONVERSION = YES_AGGRESSIVE;
				CLANG_CXX_LANGUAGE_STANDARD = "gnu++14";
				CLANG_CXX_LIBRARY = "libc++";
				CLANG_ENABLE_MODULES = YES;
				CLANG_ENABLE_OBJC_ARC = YES;
				CLANG_ENABLE_OBJC_WEAK = YES;
				CLANG_WARN_BLOCK_CAPTURE_AUTORELEASING = YES;
				CLANG_WARN_BOOL_CONVERSION = YES;
				CLANG_WARN_COMMA = YES;
				CLANG_WARN_CONSTANT_CONVERSION = YES;
				CLANG_WARN_DEPRECATED_OBJC_IMPLEMENTATIONS = YES;
				CLANG_WARN_DIRECT_OBJC_ISA_USAGE = YES_ERROR;
				CLANG_WARN_DOCUMENTATION_COMMENTS = YES;
				CLANG_WARN_EMPTY_BODY = YES;
				CLANG_WARN_ENUM_CONVERSION = YES;
				CLANG_WARN_INFINITE_RECURSION = YES;
				CLANG_WARN_INT_CONVERSION = YES;
				CLANG_WARN_NON_LITERAL_NULL_CONVERSION = YES;
				CLANG_WARN_OBJC_IMPLICIT_RETAIN_SELF = YES;
				CLANG_WARN_OBJC_LITERAL_CONVERSION = YES;
				CLANG_WARN_OBJC_ROOT_CLASS = YES_ERROR;
				CLANG_WARN_RANGE_LOOP_ANALYSIS = YES;
				CLANG_WARN_STRICT_PROTOTYPES = YES;
				CLANG_WARN_SUSPICIOUS_MOVE = YES;
				CLANG_WARN_UNGUARDED_AVAILABILITY = YES_AGGRESSIVE;
				CLANG_WARN_UNREACHABLE_CODE = YES;
				CLANG_WARN__DUPLICATE_METHOD_MATCH = YES;
				CODE_SIGN_IDENTITY = "iPhone Developer";
				COPY_PHASE_STRIP = NO;
				DEBUG_INFORMATION_FORMAT = "dwarf-with-dsym";
				ENABLE_NS_ASSERTIONS = NO;
				ENABLE_STRICT_OBJC_MSGSEND = YES;
				GCC_C_LANGUAGE_STANDARD = gnu11;
				GCC_NO_COMMON_BLOCKS = YES;
				GCC_WARN_64_TO_32_BIT_CONVERSION = YES;
				GCC_WARN_ABOUT_RETURN_TYPE = YES_ERROR;
				GCC_WARN_UNDECLARED_SELECTOR = YES;
				GCC_WARN_UNINITIALIZED_AUTOS = YES_AGGRESSIVE;
				GCC_WARN_UNUSED_FUNCTION = YES;
				GCC_WARN_UNUSED_VARIABLE = YES;
				IPHONEOS_DEPLOYMENT_TARGET = 11.4;
				MTL_ENABLE_DEBUG_INFO = NO;
				SDKROOT = iphoneos;
				SWIFT_COMPILATION_MODE = wholemodule;
				SWIFT_OPTIMIZATION_LEVEL = "-O";
				VALIDATE_PRODUCT = YES;
			};
			name = Release;
		};
		4612B5D7211AB41300E7FF73 /* Debug */ = {
			isa = XCBuildConfiguration;
			baseConfigurationReference = 4BAF2E493504F503B4AAA4D8 /* Pods-Message Board.debug.xcconfig */;
			buildSettings = {
				ASSETCATALOG_COMPILER_APPICON_NAME = AppIcon;
				CODE_SIGN_STYLE = Automatic;
				DEVELOPMENT_TEAM = VXUQXR6S56;
				INFOPLIST_FILE = "$(SRCROOT)/Message Board/Resources/Info.plist";
				LD_RUNPATH_SEARCH_PATHS = (
					"$(inherited)",
					"@executable_path/Frameworks",
				);
				PRODUCT_BUNDLE_IDENTIFIER = "com.LambdaSchool.Message-Board";
				PRODUCT_NAME = "$(TARGET_NAME)";
				SWIFT_VERSION = 4.0;
				TARGETED_DEVICE_FAMILY = "1,2";
			};
			name = Debug;
		};
		4612B5D8211AB41300E7FF73 /* Release */ = {
			isa = XCBuildConfiguration;
			baseConfigurationReference = 31B543F58162117DE5FD385D /* Pods-Message Board.release.xcconfig */;
			buildSettings = {
				ASSETCATALOG_COMPILER_APPICON_NAME = AppIcon;
				CODE_SIGN_STYLE = Automatic;
				DEVELOPMENT_TEAM = VXUQXR6S56;
				INFOPLIST_FILE = "$(SRCROOT)/Message Board/Resources/Info.plist";
				LD_RUNPATH_SEARCH_PATHS = (
					"$(inherited)",
					"@executable_path/Frameworks",
				);
				PRODUCT_BUNDLE_IDENTIFIER = "com.LambdaSchool.Message-Board";
				PRODUCT_NAME = "$(TARGET_NAME)";
				SWIFT_VERSION = 4.0;
				TARGETED_DEVICE_FAMILY = "1,2";
			};
			name = Release;
		};
		4629C7EE214BA09600E7FF73 /* Debug */ = {
			isa = XCBuildConfiguration;
			baseConfigurationReference = F910B4FC8A3AE1E701A98DA7 /* Pods-Message BoardUITests.debug.xcconfig */;
			buildSettings = {
				CODE_SIGN_STYLE = Automatic;
				INFOPLIST_FILE = "Message BoardUITests/Info.plist";
				LD_RUNPATH_SEARCH_PATHS = (
					"$(inherited)",
					"@executable_path/Frameworks",
					"@loader_path/Frameworks",
				);
				PRODUCT_BUNDLE_IDENTIFIER = "com.LambdaSchool.Message-BoardUITests";
				PRODUCT_NAME = "$(TARGET_NAME)";
				SWIFT_VERSION = 4.0;
				TARGETED_DEVICE_FAMILY = "1,2";
				TEST_TARGET_NAME = "Message Board";
			};
			name = Debug;
		};
		4629C7EF214BA09600E7FF73 /* Release */ = {
			isa = XCBuildConfiguration;
			baseConfigurationReference = 91407E37124F613DA79E2637 /* Pods-Message BoardUITests.release.xcconfig */;
			buildSettings = {
				CODE_SIGN_STYLE = Automatic;
				INFOPLIST_FILE = "Message BoardUITests/Info.plist";
				LD_RUNPATH_SEARCH_PATHS = (
					"$(inherited)",
					"@executable_path/Frameworks",
					"@loader_path/Frameworks",
				);
				PRODUCT_BUNDLE_IDENTIFIER = "com.LambdaSchool.Message-BoardUITests";
				PRODUCT_NAME = "$(TARGET_NAME)";
				SWIFT_VERSION = 4.0;
				TARGETED_DEVICE_FAMILY = "1,2";
				TEST_TARGET_NAME = "Message Board";
			};
			name = Release;
		};
		9D9B6B03214B7A66006381F7 /* Debug */ = {
			isa = XCBuildConfiguration;
			baseConfigurationReference = 704DE794C1ECCC9D1B81AFC3 /* Pods-MessageBoardTests.debug.xcconfig */;
			buildSettings = {
				BUNDLE_LOADER = "$(TEST_HOST)";
				CODE_SIGN_STYLE = Automatic;
				DEVELOPMENT_TEAM = VXUQXR6S56;
				INFOPLIST_FILE = MessageBoardTests/Info.plist;
				LD_RUNPATH_SEARCH_PATHS = (
					"$(inherited)",
					"@executable_path/Frameworks",
					"@loader_path/Frameworks",
				);
				PRODUCT_BUNDLE_IDENTIFIER = com.lambdaschool.MessageBoardTests;
				PRODUCT_NAME = "$(TARGET_NAME)";
				SWIFT_VERSION = 4.0;
				TARGETED_DEVICE_FAMILY = "1,2";
				TEST_HOST = "$(BUILT_PRODUCTS_DIR)/Message Board.app/Message Board";
			};
			name = Debug;
		};
		9D9B6B04214B7A66006381F7 /* Release */ = {
			isa = XCBuildConfiguration;
			baseConfigurationReference = F36B60FDD21E19514C19C96E /* Pods-MessageBoardTests.release.xcconfig */;
			buildSettings = {
				BUNDLE_LOADER = "$(TEST_HOST)";
				CODE_SIGN_STYLE = Automatic;
				DEVELOPMENT_TEAM = VXUQXR6S56;
				INFOPLIST_FILE = MessageBoardTests/Info.plist;
				LD_RUNPATH_SEARCH_PATHS = (
					"$(inherited)",
					"@executable_path/Frameworks",
					"@loader_path/Frameworks",
				);
				PRODUCT_BUNDLE_IDENTIFIER = com.lambdaschool.MessageBoardTests;
				PRODUCT_NAME = "$(TARGET_NAME)";
				SWIFT_VERSION = 4.0;
				TARGETED_DEVICE_FAMILY = "1,2";
				TEST_HOST = "$(BUILT_PRODUCTS_DIR)/Message Board.app/Message Board";
			};
			name = Release;
		};
/* End XCBuildConfiguration section */

/* Begin XCConfigurationList section */
		4612B5BF211AB41100E7FF73 /* Build configuration list for PBXProject "Message Board" */ = {
			isa = XCConfigurationList;
			buildConfigurations = (
				4612B5D4211AB41300E7FF73 /* Debug */,
				4612B5D5211AB41300E7FF73 /* Release */,
			);
			defaultConfigurationIsVisible = 0;
			defaultConfigurationName = Release;
		};
		4612B5D6211AB41300E7FF73 /* Build configuration list for PBXNativeTarget "Message Board" */ = {
			isa = XCConfigurationList;
			buildConfigurations = (
				4612B5D7211AB41300E7FF73 /* Debug */,
				4612B5D8211AB41300E7FF73 /* Release */,
			);
			defaultConfigurationIsVisible = 0;
			defaultConfigurationName = Release;
		};
		4629C7ED214BA09600E7FF73 /* Build configuration list for PBXNativeTarget "Message BoardUITests" */ = {
			isa = XCConfigurationList;
			buildConfigurations = (
				4629C7EE214BA09600E7FF73 /* Debug */,
				4629C7EF214BA09600E7FF73 /* Release */,
			);
			defaultConfigurationIsVisible = 0;
			defaultConfigurationName = Release;
		};
		9D9B6B05214B7A66006381F7 /* Build configuration list for PBXNativeTarget "MessageBoardTests" */ = {
			isa = XCConfigurationList;
			buildConfigurations = (
				9D9B6B03214B7A66006381F7 /* Debug */,
				9D9B6B04214B7A66006381F7 /* Release */,
			);
			defaultConfigurationIsVisible = 0;
			defaultConfigurationName = Release;
		};
/* End XCConfigurationList section */
	};
	rootObject = 4612B5BC211AB41100E7FF73 /* Project object */;
}
