// !$*UTF8*$!
{
	archiveVersion = 1;
	classes = {
	};
	objectVersion = 50;
	objects = {

/* Begin PBXBuildFile section */
		4612B5C8211AB41100E7FF73 /* AppDelegate.swift in Sources */ = {isa = PBXBuildFile; fileRef = 4612B5C7211AB41100E7FF73 /* AppDelegate.swift */; };
		4612B5CD211AB41200E7FF73 /* Main.storyboard in Resources */ = {isa = PBXBuildFile; fileRef = 4612B5CB211AB41200E7FF73 /* Main.storyboard */; };
		4612B5CF211AB41300E7FF73 /* Assets.xcassets in Resources */ = {isa = PBXBuildFile; fileRef = 4612B5CE211AB41300E7FF73 /* Assets.xcassets */; };
		4612B5D2211AB41300E7FF73 /* LaunchScreen.storyboard in Resources */ = {isa = PBXBuildFile; fileRef = 4612B5D0211AB41300E7FF73 /* LaunchScreen.storyboard */; };
		4612B5DA211AB66600E7FF73 /* MessageThread.swift in Sources */ = {isa = PBXBuildFile; fileRef = 4612B5D9211AB66600E7FF73 /* MessageThread.swift */; };
		4612B5DC211AB6C500E7FF73 /* MessageThreadController.swift in Sources */ = {isa = PBXBuildFile; fileRef = 4612B5DB211AB6C500E7FF73 /* MessageThreadController.swift */; };
		4629C7DC214B924900E7FF73 /* MockMessages.json in Resources */ = {isa = PBXBuildFile; fileRef = 4629C7DB214B924900E7FF73 /* MockMessages.json */; };
		4629C7DE214B925E00E7FF73 /* IsUITesting.swift in Sources */ = {isa = PBXBuildFile; fileRef = 4629C7DD214B925E00E7FF73 /* IsUITesting.swift */; };
		4629C7E0214B961800E7FF73 /* MessageThreadController+UITesting.swift in Sources */ = {isa = PBXBuildFile; fileRef = 4629C7DF214B961800E7FF73 /* MessageThreadController+UITesting.swift */; };
		4643602A211AB90900E7FF73 /* HTTPMethod.swift in Sources */ = {isa = PBXBuildFile; fileRef = 46436029211AB90900E7FF73 /* HTTPMethod.swift */; };
		46436030211ABC3700E7FF73 /* MessageThreadsTableViewController.swift in Sources */ = {isa = PBXBuildFile; fileRef = 4643602F211ABC3700E7FF73 /* MessageThreadsTableViewController.swift */; };
		46436033211ABC5800E7FF73 /* MessageThreadDetailTableViewController.swift in Sources */ = {isa = PBXBuildFile; fileRef = 46436032211ABC5800E7FF73 /* MessageThreadDetailTableViewController.swift */; };
		46436035211ABC6B00E7FF73 /* MessageDetailViewController.swift in Sources */ = {isa = PBXBuildFile; fileRef = 46436034211ABC6B00E7FF73 /* MessageDetailViewController.swift */; };
		E94AFB1B23E4B95500F53E15 /* Message_BoardTests.swift in Sources */ = {isa = PBXBuildFile; fileRef = E94AFB1A23E4B95500F53E15 /* Message_BoardTests.swift */; };
		E9C85C0323E2788400646184 /* Message_BoardUITests.swift in Sources */ = {isa = PBXBuildFile; fileRef = E9C85C0223E2788400646184 /* Message_BoardUITests.swift */; };
/* End PBXBuildFile section */

/* Begin PBXContainerItemProxy section */
		E94AFB1D23E4B95500F53E15 /* PBXContainerItemProxy */ = {
			isa = PBXContainerItemProxy;
			containerPortal = 4612B5BC211AB41100E7FF73 /* Project object */;
			proxyType = 1;
			remoteGlobalIDString = 4612B5C3211AB41100E7FF73;
			remoteInfo = "Message Board";
		};
		E9C85C0523E2788400646184 /* PBXContainerItemProxy */ = {
			isa = PBXContainerItemProxy;
			containerPortal = 4612B5BC211AB41100E7FF73 /* Project object */;
			proxyType = 1;
			remoteGlobalIDString = 4612B5C3211AB41100E7FF73;
			remoteInfo = "Message Board";
		};
/* End PBXContainerItemProxy section */

/* Begin PBXFileReference section */
		4612B5C4211AB41100E7FF73 /* Message Board.app */ = {isa = PBXFileReference; explicitFileType = wrapper.application; includeInIndex = 0; path = "Message Board.app"; sourceTree = BUILT_PRODUCTS_DIR; };
		4612B5C7211AB41100E7FF73 /* AppDelegate.swift */ = {isa = PBXFileReference; lastKnownFileType = sourcecode.swift; path = AppDelegate.swift; sourceTree = "<group>"; };
		4612B5CC211AB41200E7FF73 /* Base */ = {isa = PBXFileReference; lastKnownFileType = file.storyboard; name = Base; path = Base.lproj/Main.storyboard; sourceTree = "<group>"; };
		4612B5CE211AB41300E7FF73 /* Assets.xcassets */ = {isa = PBXFileReference; lastKnownFileType = folder.assetcatalog; path = Assets.xcassets; sourceTree = "<group>"; };
		4612B5D1211AB41300E7FF73 /* Base */ = {isa = PBXFileReference; lastKnownFileType = file.storyboard; name = Base; path = Base.lproj/LaunchScreen.storyboard; sourceTree = "<group>"; };
		4612B5D3211AB41300E7FF73 /* Info.plist */ = {isa = PBXFileReference; lastKnownFileType = text.plist.xml; path = Info.plist; sourceTree = "<group>"; };
		4612B5D9211AB66600E7FF73 /* MessageThread.swift */ = {isa = PBXFileReference; lastKnownFileType = sourcecode.swift; path = MessageThread.swift; sourceTree = "<group>"; };
		4612B5DB211AB6C500E7FF73 /* MessageThreadController.swift */ = {isa = PBXFileReference; lastKnownFileType = sourcecode.swift; path = MessageThreadController.swift; sourceTree = "<group>"; };
		4629C7DB214B924900E7FF73 /* MockMessages.json */ = {isa = PBXFileReference; fileEncoding = 4; lastKnownFileType = text.json; path = MockMessages.json; sourceTree = "<group>"; };
		4629C7DD214B925E00E7FF73 /* IsUITesting.swift */ = {isa = PBXFileReference; lastKnownFileType = sourcecode.swift; path = IsUITesting.swift; sourceTree = "<group>"; };
		4629C7DF214B961800E7FF73 /* MessageThreadController+UITesting.swift */ = {isa = PBXFileReference; lastKnownFileType = sourcecode.swift; path = "MessageThreadController+UITesting.swift"; sourceTree = "<group>"; };
		46436029211AB90900E7FF73 /* HTTPMethod.swift */ = {isa = PBXFileReference; lastKnownFileType = sourcecode.swift; path = HTTPMethod.swift; sourceTree = "<group>"; };
		4643602F211ABC3700E7FF73 /* MessageThreadsTableViewController.swift */ = {isa = PBXFileReference; lastKnownFileType = sourcecode.swift; path = MessageThreadsTableViewController.swift; sourceTree = "<group>"; };
		46436032211ABC5800E7FF73 /* MessageThreadDetailTableViewController.swift */ = {isa = PBXFileReference; lastKnownFileType = sourcecode.swift; path = MessageThreadDetailTableViewController.swift; sourceTree = "<group>"; };
		46436034211ABC6B00E7FF73 /* MessageDetailViewController.swift */ = {isa = PBXFileReference; lastKnownFileType = sourcecode.swift; path = MessageDetailViewController.swift; sourceTree = "<group>"; };
		E93397F323E0AA30001E1013 /* MessageKit.framework */ = {isa = PBXFileReference; lastKnownFileType = wrapper.framework; name = MessageKit.framework; path = "../ios-guided-project-third-party-libraries-and-dependency-management-starter/MessageBoardStart/Carthage/Build/iOS/MessageKit.framework"; sourceTree = "<group>"; };
		E93397F723E0AA32001E1013 /* InputBarAccessoryView.framework */ = {isa = PBXFileReference; lastKnownFileType = wrapper.framework; name = InputBarAccessoryView.framework; path = "../ios-guided-project-third-party-libraries-and-dependency-management-starter/MessageBoardStart/Carthage/Build/iOS/InputBarAccessoryView.framework"; sourceTree = "<group>"; };
		E94AFB1823E4B95400F53E15 /* Message BoardTests.xctest */ = {isa = PBXFileReference; explicitFileType = wrapper.cfbundle; includeInIndex = 0; path = "Message BoardTests.xctest"; sourceTree = BUILT_PRODUCTS_DIR; };
		E94AFB1A23E4B95500F53E15 /* Message_BoardTests.swift */ = {isa = PBXFileReference; lastKnownFileType = sourcecode.swift; path = Message_BoardTests.swift; sourceTree = "<group>"; };
		E94AFB1C23E4B95500F53E15 /* Info.plist */ = {isa = PBXFileReference; lastKnownFileType = text.plist.xml; path = Info.plist; sourceTree = "<group>"; };
		E9C85C0023E2788400646184 /* Message BoardUITests.xctest */ = {isa = PBXFileReference; explicitFileType = wrapper.cfbundle; includeInIndex = 0; path = "Message BoardUITests.xctest"; sourceTree = BUILT_PRODUCTS_DIR; };
		E9C85C0223E2788400646184 /* Message_BoardUITests.swift */ = {isa = PBXFileReference; lastKnownFileType = sourcecode.swift; path = Message_BoardUITests.swift; sourceTree = "<group>"; };
		E9C85C0423E2788400646184 /* Info.plist */ = {isa = PBXFileReference; lastKnownFileType = text.plist.xml; path = Info.plist; sourceTree = "<group>"; };
/* End PBXFileReference section */

/* Begin PBXFrameworksBuildPhase section */
		4612B5C1211AB41100E7FF73 /* Frameworks */ = {
			isa = PBXFrameworksBuildPhase;
			buildActionMask = 2147483647;
			files = (
			);
			runOnlyForDeploymentPostprocessing = 0;
		};
		E94AFB1523E4B95400F53E15 /* Frameworks */ = {
			isa = PBXFrameworksBuildPhase;
			buildActionMask = 2147483647;
			files = (
			);
			runOnlyForDeploymentPostprocessing = 0;
		};
		E9C85BFD23E2788400646184 /* Frameworks */ = {
			isa = PBXFrameworksBuildPhase;
			buildActionMask = 2147483647;
			files = (
			);
			runOnlyForDeploymentPostprocessing = 0;
		};
/* End PBXFrameworksBuildPhase section */

/* Begin PBXGroup section */
		4612B5BB211AB41100E7FF73 = {
			isa = PBXGroup;
			children = (
				4612B5C6211AB41100E7FF73 /* Message Board */,
				E9C85C0123E2788400646184 /* Message BoardUITests */,
				E94AFB1923E4B95500F53E15 /* Message BoardTests */,
				4612B5C5211AB41100E7FF73 /* Products */,
				E93397F223E0AA2F001E1013 /* Frameworks */,
			);
			sourceTree = "<group>";
		};
		4612B5C5211AB41100E7FF73 /* Products */ = {
			isa = PBXGroup;
			children = (
				4612B5C4211AB41100E7FF73 /* Message Board.app */,
				E9C85C0023E2788400646184 /* Message BoardUITests.xctest */,
				E94AFB1823E4B95400F53E15 /* Message BoardTests.xctest */,
			);
			name = Products;
			sourceTree = "<group>";
		};
		4612B5C6211AB41100E7FF73 /* Message Board */ = {
			isa = PBXGroup;
			children = (
				4643602B211ABBF800E7FF73 /* Model */,
				4643602C211ABBFE00E7FF73 /* Model Controller */,
				46436031211ABC3900E7FF73 /* View Controllers */,
				4643602E211ABC1100E7FF73 /* Storyboards */,
				4643602D211ABC0900E7FF73 /* Resources */,
			);
			path = "Message Board";
			sourceTree = "<group>";
		};
		4629C7E1214B9D8C00E7FF73 /* UI Testing */ = {
			isa = PBXGroup;
			children = (
				4629C7DB214B924900E7FF73 /* MockMessages.json */,
				4629C7DF214B961800E7FF73 /* MessageThreadController+UITesting.swift */,
				4629C7DD214B925E00E7FF73 /* IsUITesting.swift */,
			);
			path = "UI Testing";
			sourceTree = "<group>";
		};
		4643602B211ABBF800E7FF73 /* Model */ = {
			isa = PBXGroup;
			children = (
				4612B5D9211AB66600E7FF73 /* MessageThread.swift */,
			);
			path = Model;
			sourceTree = "<group>";
		};
		4643602C211ABBFE00E7FF73 /* Model Controller */ = {
			isa = PBXGroup;
			children = (
				4612B5DB211AB6C500E7FF73 /* MessageThreadController.swift */,
			);
			path = "Model Controller";
			sourceTree = "<group>";
		};
		4643602D211ABC0900E7FF73 /* Resources */ = {
			isa = PBXGroup;
			children = (
				4629C7E1214B9D8C00E7FF73 /* UI Testing */,
				46436029211AB90900E7FF73 /* HTTPMethod.swift */,
				4612B5C7211AB41100E7FF73 /* AppDelegate.swift */,
				4612B5CE211AB41300E7FF73 /* Assets.xcassets */,
				4612B5D3211AB41300E7FF73 /* Info.plist */,
			);
			path = Resources;
			sourceTree = "<group>";
		};
		4643602E211ABC1100E7FF73 /* Storyboards */ = {
			isa = PBXGroup;
			children = (
				4612B5CB211AB41200E7FF73 /* Main.storyboard */,
				4612B5D0211AB41300E7FF73 /* LaunchScreen.storyboard */,
			);
			path = Storyboards;
			sourceTree = "<group>";
		};
		46436031211ABC3900E7FF73 /* View Controllers */ = {
			isa = PBXGroup;
			children = (
				4643602F211ABC3700E7FF73 /* MessageThreadsTableViewController.swift */,
				46436032211ABC5800E7FF73 /* MessageThreadDetailTableViewController.swift */,
				46436034211ABC6B00E7FF73 /* MessageDetailViewController.swift */,
			);
			path = "View Controllers";
			sourceTree = "<group>";
		};
		E93397F223E0AA2F001E1013 /* Frameworks */ = {
			isa = PBXGroup;
			children = (
				E93397F723E0AA32001E1013 /* InputBarAccessoryView.framework */,
				E93397F323E0AA30001E1013 /* MessageKit.framework */,
			);
			name = Frameworks;
			sourceTree = "<group>";
		};
		E94AFB1923E4B95500F53E15 /* Message BoardTests */ = {
			isa = PBXGroup;
			children = (
				E94AFB1A23E4B95500F53E15 /* Message_BoardTests.swift */,
				E94AFB1C23E4B95500F53E15 /* Info.plist */,
			);
			path = "Message BoardTests";
			sourceTree = "<group>";
		};
		E9C85C0123E2788400646184 /* Message BoardUITests */ = {
			isa = PBXGroup;
			children = (
				E9C85C0223E2788400646184 /* Message_BoardUITests.swift */,
				E9C85C0423E2788400646184 /* Info.plist */,
			);
			path = "Message BoardUITests";
			sourceTree = "<group>";
		};
/* End PBXGroup section */

/* Begin PBXNativeTarget section */
		4612B5C3211AB41100E7FF73 /* Message Board */ = {
			isa = PBXNativeTarget;
			buildConfigurationList = 4612B5D6211AB41300E7FF73 /* Build configuration list for PBXNativeTarget "Message Board" */;
			buildPhases = (
				4612B5C0211AB41100E7FF73 /* Sources */,
				4612B5C1211AB41100E7FF73 /* Frameworks */,
				4612B5C2211AB41100E7FF73 /* Resources */,
			);
			buildRules = (
			);
			dependencies = (
			);
			name = "Message Board";
			productName = "Message Board";
			productReference = 4612B5C4211AB41100E7FF73 /* Message Board.app */;
			productType = "com.apple.product-type.application";
		};
		E94AFB1723E4B95400F53E15 /* Message BoardTests */ = {
			isa = PBXNativeTarget;
			buildConfigurationList = E94AFB2123E4B95500F53E15 /* Build configuration list for PBXNativeTarget "Message BoardTests" */;
			buildPhases = (
				E94AFB1423E4B95400F53E15 /* Sources */,
				E94AFB1523E4B95400F53E15 /* Frameworks */,
				E94AFB1623E4B95400F53E15 /* Resources */,
			);
			buildRules = (
			);
			dependencies = (
				E94AFB1E23E4B95500F53E15 /* PBXTargetDependency */,
			);
			name = "Message BoardTests";
			productName = "Message BoardTests";
			productReference = E94AFB1823E4B95400F53E15 /* Message BoardTests.xctest */;
			productType = "com.apple.product-type.bundle.unit-test";
		};
		E9C85BFF23E2788400646184 /* Message BoardUITests */ = {
			isa = PBXNativeTarget;
			buildConfigurationList = E9C85C0723E2788400646184 /* Build configuration list for PBXNativeTarget "Message BoardUITests" */;
			buildPhases = (
				E9C85BFC23E2788400646184 /* Sources */,
				E9C85BFD23E2788400646184 /* Frameworks */,
				E9C85BFE23E2788400646184 /* Resources */,
			);
			buildRules = (
			);
			dependencies = (
				E9C85C0623E2788400646184 /* PBXTargetDependency */,
			);
			name = "Message BoardUITests";
			productName = "Message BoardUITests";
			productReference = E9C85C0023E2788400646184 /* Message BoardUITests.xctest */;
			productType = "com.apple.product-type.bundle.ui-testing";
		};
/* End PBXNativeTarget section */

/* Begin PBXProject section */
		4612B5BC211AB41100E7FF73 /* Project object */ = {
			isa = PBXProject;
			attributes = {
				LastSwiftUpdateCheck = 1130;
				LastUpgradeCheck = 0940;
				ORGANIZATIONNAME = "Lambda School";
				TargetAttributes = {
					4612B5C3211AB41100E7FF73 = {
						CreatedOnToolsVersion = 9.4.1;
						LastSwiftMigration = 1130;
					};
					E94AFB1723E4B95400F53E15 = {
						CreatedOnToolsVersion = 11.3;
						TestTargetID = 4612B5C3211AB41100E7FF73;
					};
					E9C85BFF23E2788400646184 = {
						CreatedOnToolsVersion = 11.3;
						TestTargetID = 4612B5C3211AB41100E7FF73;
					};
				};
			};
			buildConfigurationList = 4612B5BF211AB41100E7FF73 /* Build configuration list for PBXProject "Message Board" */;
			compatibilityVersion = "Xcode 9.3";
			developmentRegion = en;
			hasScannedForEncodings = 0;
			knownRegions = (
				en,
				Base,
			);
			mainGroup = 4612B5BB211AB41100E7FF73;
			productRefGroup = 4612B5C5211AB41100E7FF73 /* Products */;
			projectDirPath = "";
			projectRoot = "";
			targets = (
				4612B5C3211AB41100E7FF73 /* Message Board */,
				E9C85BFF23E2788400646184 /* Message BoardUITests */,
				E94AFB1723E4B95400F53E15 /* Message BoardTests */,
			);
		};
/* End PBXProject section */

/* Begin PBXResourcesBuildPhase section */
		4612B5C2211AB41100E7FF73 /* Resources */ = {
			isa = PBXResourcesBuildPhase;
			buildActionMask = 2147483647;
			files = (
				4612B5D2211AB41300E7FF73 /* LaunchScreen.storyboard in Resources */,
				4612B5CF211AB41300E7FF73 /* Assets.xcassets in Resources */,
				4629C7DC214B924900E7FF73 /* MockMessages.json in Resources */,
				4612B5CD211AB41200E7FF73 /* Main.storyboard in Resources */,
			);
			runOnlyForDeploymentPostprocessing = 0;
		};
		E94AFB1623E4B95400F53E15 /* Resources */ = {
			isa = PBXResourcesBuildPhase;
			buildActionMask = 2147483647;
			files = (
			);
			runOnlyForDeploymentPostprocessing = 0;
		};
		E9C85BFE23E2788400646184 /* Resources */ = {
			isa = PBXResourcesBuildPhase;
			buildActionMask = 2147483647;
			files = (
			);
			runOnlyForDeploymentPostprocessing = 0;
		};
/* End PBXResourcesBuildPhase section */

/* Begin PBXSourcesBuildPhase section */
		4612B5C0211AB41100E7FF73 /* Sources */ = {
			isa = PBXSourcesBuildPhase;
			buildActionMask = 2147483647;
			files = (
				4629C7E0214B961800E7FF73 /* MessageThreadController+UITesting.swift in Sources */,
				4612B5DC211AB6C500E7FF73 /* MessageThreadController.swift in Sources */,
				4612B5DA211AB66600E7FF73 /* MessageThread.swift in Sources */,
				4643602A211AB90900E7FF73 /* HTTPMethod.swift in Sources */,
				46436030211ABC3700E7FF73 /* MessageThreadsTableViewController.swift in Sources */,
				4629C7DE214B925E00E7FF73 /* IsUITesting.swift in Sources */,
				46436035211ABC6B00E7FF73 /* MessageDetailViewController.swift in Sources */,
				46436033211ABC5800E7FF73 /* MessageThreadDetailTableViewController.swift in Sources */,
				4612B5C8211AB41100E7FF73 /* AppDelegate.swift in Sources */,
			);
			runOnlyForDeploymentPostprocessing = 0;
		};
		E94AFB1423E4B95400F53E15 /* Sources */ = {
			isa = PBXSourcesBuildPhase;
			buildActionMask = 2147483647;
			files = (
				E94AFB1B23E4B95500F53E15 /* Message_BoardTests.swift in Sources */,
			);
			runOnlyForDeploymentPostprocessing = 0;
		};
		E9C85BFC23E2788400646184 /* Sources */ = {
			isa = PBXSourcesBuildPhase;
			buildActionMask = 2147483647;
			files = (
				E9C85C0323E2788400646184 /* Message_BoardUITests.swift in Sources */,
			);
			runOnlyForDeploymentPostprocessing = 0;
		};
/* End PBXSourcesBuildPhase section */

/* Begin PBXTargetDependency section */
		E94AFB1E23E4B95500F53E15 /* PBXTargetDependency */ = {
			isa = PBXTargetDependency;
			target = 4612B5C3211AB41100E7FF73 /* Message Board */;
			targetProxy = E94AFB1D23E4B95500F53E15 /* PBXContainerItemProxy */;
		};
		E9C85C0623E2788400646184 /* PBXTargetDependency */ = {
			isa = PBXTargetDependency;
			target = 4612B5C3211AB41100E7FF73 /* Message Board */;
			targetProxy = E9C85C0523E2788400646184 /* PBXContainerItemProxy */;
		};
/* End PBXTargetDependency section */

/* Begin PBXVariantGroup section */
		4612B5CB211AB41200E7FF73 /* Main.storyboard */ = {
			isa = PBXVariantGroup;
			children = (
				4612B5CC211AB41200E7FF73 /* Base */,
			);
			name = Main.storyboard;
			sourceTree = "<group>";
		};
		4612B5D0211AB41300E7FF73 /* LaunchScreen.storyboard */ = {
			isa = PBXVariantGroup;
			children = (
				4612B5D1211AB41300E7FF73 /* Base */,
			);
			name = LaunchScreen.storyboard;
			sourceTree = "<group>";
		};
/* End PBXVariantGroup section */

/* Begin XCBuildConfiguration section */
		4612B5D4211AB41300E7FF73 /* Debug */ = {
			isa = XCBuildConfiguration;
			buildSettings = {
				ALWAYS_SEARCH_USER_PATHS = NO;
				CLANG_ANALYZER_NONNULL = YES;
				CLANG_ANALYZER_NUMBER_OBJECT_CONVERSION = YES_AGGRESSIVE;
				CLANG_CXX_LANGUAGE_STANDARD = "gnu++14";
				CLANG_CXX_LIBRARY = "libc++";
				CLANG_ENABLE_MODULES = YES;
				CLANG_ENABLE_OBJC_ARC = YES;
				CLANG_ENABLE_OBJC_WEAK = YES;
				CLANG_WARN_BLOCK_CAPTURE_AUTORELEASING = YES;
				CLANG_WARN_BOOL_CONVERSION = YES;
				CLANG_WARN_COMMA = YES;
				CLANG_WARN_CONSTANT_CONVERSION = YES;
				CLANG_WARN_DEPRECATED_OBJC_IMPLEMENTATIONS = YES;
				CLANG_WARN_DIRECT_OBJC_ISA_USAGE = YES_ERROR;
				CLANG_WARN_DOCUMENTATION_COMMENTS = YES;
				CLANG_WARN_EMPTY_BODY = YES;
				CLANG_WARN_ENUM_CONVERSION = YES;
				CLANG_WARN_INFINITE_RECURSION = YES;
				CLANG_WARN_INT_CONVERSION = YES;
				CLANG_WARN_NON_LITERAL_NULL_CONVERSION = YES;
				CLANG_WARN_OBJC_IMPLICIT_RETAIN_SELF = YES;
				CLANG_WARN_OBJC_LITERAL_CONVERSION = YES;
				CLANG_WARN_OBJC_ROOT_CLASS = YES_ERROR;
				CLANG_WARN_RANGE_LOOP_ANALYSIS = YES;
				CLANG_WARN_STRICT_PROTOTYPES = YES;
				CLANG_WARN_SUSPICIOUS_MOVE = YES;
				CLANG_WARN_UNGUARDED_AVAILABILITY = YES_AGGRESSIVE;
				CLANG_WARN_UNREACHABLE_CODE = YES;
				CLANG_WARN__DUPLICATE_METHOD_MATCH = YES;
				CODE_SIGN_IDENTITY = "iPhone Developer";
				COPY_PHASE_STRIP = NO;
				DEBUG_INFORMATION_FORMAT = dwarf;
				ENABLE_STRICT_OBJC_MSGSEND = YES;
				ENABLE_TESTABILITY = YES;
				GCC_C_LANGUAGE_STANDARD = gnu11;
				GCC_DYNAMIC_NO_PIC = NO;
				GCC_NO_COMMON_BLOCKS = YES;
				GCC_OPTIMIZATION_LEVEL = 0;
				GCC_PREPROCESSOR_DEFINITIONS = (
					"DEBUG=1",
					"$(inherited)",
				);
				GCC_WARN_64_TO_32_BIT_CONVERSION = YES;
				GCC_WARN_ABOUT_RETURN_TYPE = YES_ERROR;
				GCC_WARN_UNDECLARED_SELECTOR = YES;
				GCC_WARN_UNINITIALIZED_AUTOS = YES_AGGRESSIVE;
				GCC_WARN_UNUSED_FUNCTION = YES;
				GCC_WARN_UNUSED_VARIABLE = YES;
				IPHONEOS_DEPLOYMENT_TARGET = 11.4;
				MTL_ENABLE_DEBUG_INFO = YES;
				ONLY_ACTIVE_ARCH = YES;
				SDKROOT = iphoneos;
				SWIFT_ACTIVE_COMPILATION_CONDITIONS = DEBUG;
				SWIFT_OPTIMIZATION_LEVEL = "-Onone";
			};
			name = Debug;
		};
		4612B5D5211AB41300E7FF73 /* Release */ = {
			isa = XCBuildConfiguration;
			buildSettings = {
				ALWAYS_SEARCH_USER_PATHS = NO;
				CLANG_ANALYZER_NONNULL = YES;
				CLANG_ANALYZER_NUMBER_OBJECT_CONVERSION = YES_AGGRESSIVE;
				CLANG_CXX_LANGUAGE_STANDARD = "gnu++14";
				CLANG_CXX_LIBRARY = "libc++";
				CLANG_ENABLE_MODULES = YES;
				CLANG_ENABLE_OBJC_ARC = YES;
				CLANG_ENABLE_OBJC_WEAK = YES;
				CLANG_WARN_BLOCK_CAPTURE_AUTORELEASING = YES;
				CLANG_WARN_BOOL_CONVERSION = YES;
				CLANG_WARN_COMMA = YES;
				CLANG_WARN_CONSTANT_CONVERSION = YES;
				CLANG_WARN_DEPRECATED_OBJC_IMPLEMENTATIONS = YES;
				CLANG_WARN_DIRECT_OBJC_ISA_USAGE = YES_ERROR;
				CLANG_WARN_DOCUMENTATION_COMMENTS = YES;
				CLANG_WARN_EMPTY_BODY = YES;
				CLANG_WARN_ENUM_CONVERSION = YES;
				CLANG_WARN_INFINITE_RECURSION = YES;
				CLANG_WARN_INT_CONVERSION = YES;
				CLANG_WARN_NON_LITERAL_NULL_CONVERSION = YES;
				CLANG_WARN_OBJC_IMPLICIT_RETAIN_SELF = YES;
				CLANG_WARN_OBJC_LITERAL_CONVERSION = YES;
				CLANG_WARN_OBJC_ROOT_CLASS = YES_ERROR;
				CLANG_WARN_RANGE_LOOP_ANALYSIS = YES;
				CLANG_WARN_STRICT_PROTOTYPES = YES;
				CLANG_WARN_SUSPICIOUS_MOVE = YES;
				CLANG_WARN_UNGUARDED_AVAILABILITY = YES_AGGRESSIVE;
				CLANG_WARN_UNREACHABLE_CODE = YES;
				CLANG_WARN__DUPLICATE_METHOD_MATCH = YES;
				CODE_SIGN_IDENTITY = "iPhone Developer";
				COPY_PHASE_STRIP = NO;
				DEBUG_INFORMATION_FORMAT = "dwarf-with-dsym";
				ENABLE_NS_ASSERTIONS = NO;
				ENABLE_STRICT_OBJC_MSGSEND = YES;
				GCC_C_LANGUAGE_STANDARD = gnu11;
				GCC_NO_COMMON_BLOCKS = YES;
				GCC_WARN_64_TO_32_BIT_CONVERSION = YES;
				GCC_WARN_ABOUT_RETURN_TYPE = YES_ERROR;
				GCC_WARN_UNDECLARED_SELECTOR = YES;
				GCC_WARN_UNINITIALIZED_AUTOS = YES_AGGRESSIVE;
				GCC_WARN_UNUSED_FUNCTION = YES;
				GCC_WARN_UNUSED_VARIABLE = YES;
				IPHONEOS_DEPLOYMENT_TARGET = 11.4;
				MTL_ENABLE_DEBUG_INFO = NO;
				SDKROOT = iphoneos;
				SWIFT_COMPILATION_MODE = wholemodule;
				SWIFT_OPTIMIZATION_LEVEL = "-O";
				VALIDATE_PRODUCT = YES;
			};
			name = Release;
		};
		4612B5D7211AB41300E7FF73 /* Debug */ = {
			isa = XCBuildConfiguration;
			buildSettings = {
				ASSETCATALOG_COMPILER_APPICON_NAME = AppIcon;
				CODE_SIGN_STYLE = Automatic;
				DEVELOPMENT_TEAM = VXUQXR6S56;
				INFOPLIST_FILE = "$(SRCROOT)/Message Board/Resources/Info.plist";
				LD_RUNPATH_SEARCH_PATHS = (
					"$(inherited)",
					"@executable_path/Frameworks",
				);
				PRODUCT_BUNDLE_IDENTIFIER = "com.LambdaSchool.Message-Board";
				PRODUCT_NAME = "$(TARGET_NAME)";
				SWIFT_VERSION = 5.0;
				TARGETED_DEVICE_FAMILY = "1,2";
			};
			name = Debug;
		};
		4612B5D8211AB41300E7FF73 /* Release */ = {
			isa = XCBuildConfiguration;
			buildSettings = {
				ASSETCATALOG_COMPILER_APPICON_NAME = AppIcon;
				CODE_SIGN_STYLE = Automatic;
				DEVELOPMENT_TEAM = VXUQXR6S56;
				INFOPLIST_FILE = "$(SRCROOT)/Message Board/Resources/Info.plist";
				LD_RUNPATH_SEARCH_PATHS = (
					"$(inherited)",
					"@executable_path/Frameworks",
				);
				PRODUCT_BUNDLE_IDENTIFIER = "com.LambdaSchool.Message-Board";
				PRODUCT_NAME = "$(TARGET_NAME)";
				SWIFT_VERSION = 5.0;
				TARGETED_DEVICE_FAMILY = "1,2";
			};
			name = Release;
		};
		E94AFB1F23E4B95500F53E15 /* Debug */ = {
			isa = XCBuildConfiguration;
			buildSettings = {
				BUNDLE_LOADER = "$(TEST_HOST)";
				CODE_SIGN_STYLE = Automatic;
				INFOPLIST_FILE = "Message BoardTests/Info.plist";
				IPHONEOS_DEPLOYMENT_TARGET = 13.2;
				LD_RUNPATH_SEARCH_PATHS = (
					"$(inherited)",
					"@executable_path/Frameworks",
					"@loader_path/Frameworks",
				);
				MTL_ENABLE_DEBUG_INFO = INCLUDE_SOURCE;
				MTL_FAST_MATH = YES;
				PRODUCT_BUNDLE_IDENTIFIER = "com.lambdaschool.Message-BoardTests";
				PRODUCT_NAME = "$(TARGET_NAME)";
				SWIFT_VERSION = 5.0;
				TARGETED_DEVICE_FAMILY = "1,2";
				TEST_HOST = "$(BUILT_PRODUCTS_DIR)/Message Board.app/Message Board";
			};
			name = Debug;
		};
		E94AFB2023E4B95500F53E15 /* Release */ = {
			isa = XCBuildConfiguration;
			buildSettings = {
				BUNDLE_LOADER = "$(TEST_HOST)";
				CODE_SIGN_STYLE = Automatic;
				INFOPLIST_FILE = "Message BoardTests/Info.plist";
				IPHONEOS_DEPLOYMENT_TARGET = 13.2;
				LD_RUNPATH_SEARCH_PATHS = (
					"$(inherited)",
					"@executable_path/Frameworks",
					"@loader_path/Frameworks",
				);
				MTL_FAST_MATH = YES;
				PRODUCT_BUNDLE_IDENTIFIER = "com.lambdaschool.Message-BoardTests";
				PRODUCT_NAME = "$(TARGET_NAME)";
				SWIFT_VERSION = 5.0;
				TARGETED_DEVICE_FAMILY = "1,2";
				TEST_HOST = "$(BUILT_PRODUCTS_DIR)/Message Board.app/Message Board";
			};
			name = Release;
		};
		E9C85C0823E2788400646184 /* Debug */ = {
			isa = XCBuildConfiguration;
			buildSettings = {
				CODE_SIGN_STYLE = Automatic;
				INFOPLIST_FILE = "Message BoardUITests/Info.plist";
				IPHONEOS_DEPLOYMENT_TARGET = 13.2;
				LD_RUNPATH_SEARCH_PATHS = (
					"$(inherited)",
					"@executable_path/Frameworks",
					"@loader_path/Frameworks",
				);
				MTL_ENABLE_DEBUG_INFO = INCLUDE_SOURCE;
				MTL_FAST_MATH = YES;
				PRODUCT_BUNDLE_IDENTIFIER = "com.lambdaschool.Message-BoardUITests";
				PRODUCT_NAME = "$(TARGET_NAME)";
				SWIFT_VERSION = 5.0;
				TARGETED_DEVICE_FAMILY = "1,2";
				TEST_TARGET_NAME = "Message Board";
			};
			name = Debug;
		};
		E9C85C0923E2788400646184 /* Release */ = {
			isa = XCBuildConfiguration;
			buildSettings = {
				CODE_SIGN_STYLE = Automatic;
				INFOPLIST_FILE = "Message BoardUITests/Info.plist";
				IPHONEOS_DEPLOYMENT_TARGET = 13.2;
				LD_RUNPATH_SEARCH_PATHS = (
					"$(inherited)",
					"@executable_path/Frameworks",
					"@loader_path/Frameworks",
				);
				MTL_FAST_MATH = YES;
				PRODUCT_BUNDLE_IDENTIFIER = "com.lambdaschool.Message-BoardUITests";
				PRODUCT_NAME = "$(TARGET_NAME)";
				SWIFT_VERSION = 5.0;
				TARGETED_DEVICE_FAMILY = "1,2";
				TEST_TARGET_NAME = "Message Board";
			};
			name = Release;
		};
/* End XCBuildConfiguration section */

/* Begin XCConfigurationList section */
		4612B5BF211AB41100E7FF73 /* Build configuration list for PBXProject "Message Board" */ = {
			isa = XCConfigurationList;
			buildConfigurations = (
				4612B5D4211AB41300E7FF73 /* Debug */,
				4612B5D5211AB41300E7FF73 /* Release */,
			);
			defaultConfigurationIsVisible = 0;
			defaultConfigurationName = Release;
		};
		4612B5D6211AB41300E7FF73 /* Build configuration list for PBXNativeTarget "Message Board" */ = {
			isa = XCConfigurationList;
			buildConfigurations = (
				4612B5D7211AB41300E7FF73 /* Debug */,
				4612B5D8211AB41300E7FF73 /* Release */,
			);
			defaultConfigurationIsVisible = 0;
			defaultConfigurationName = Release;
		};
		E94AFB2123E4B95500F53E15 /* Build configuration list for PBXNativeTarget "Message BoardTests" */ = {
			isa = XCConfigurationList;
			buildConfigurations = (
				E94AFB1F23E4B95500F53E15 /* Debug */,
				E94AFB2023E4B95500F53E15 /* Release */,
			);
			defaultConfigurationIsVisible = 0;
			defaultConfigurationName = Release;
		};
		E9C85C0723E2788400646184 /* Build configuration list for PBXNativeTarget "Message BoardUITests" */ = {
			isa = XCConfigurationList;
			buildConfigurations = (
				E9C85C0823E2788400646184 /* Debug */,
				E9C85C0923E2788400646184 /* Release */,
			);
			defaultConfigurationIsVisible = 0;
			defaultConfigurationName = Release;
		};
/* End XCConfigurationList section */
	};
	rootObject = 4612B5BC211AB41100E7FF73 /* Project object */;
}
